// !$*UTF8*$!
{
	archiveVersion = 1;
	classes = {
	};
	objectVersion = 90;
	objects = {

/* Begin PBXContainerItemProxy section */
		D931E7E52EEB51DB00BB1622 /* PBXContainerItemProxy */ = {
			isa = PBXContainerItemProxy;
			containerPortal = D931E7C62EEB51D900BB1622 /* Project object */;
			proxyType = 1;
			remoteGlobalIDString = D931E7CD2EEB51D900BB1622;
			remoteInfo = "Brain Check Application";
		};
		D931E7EF2EEB51DB00BB1622 /* PBXContainerItemProxy */ = {
			isa = PBXContainerItemProxy;
			containerPortal = D931E7C62EEB51D900BB1622 /* Project object */;
			proxyType = 1;
			remoteGlobalIDString = D931E7CD2EEB51D900BB1622;
			remoteInfo = "Brain Check Application";
		};
/* End PBXContainerItemProxy section */

/* Begin PBXFileReference section */
		D931E7CE2EEB51D900BB1622 /* Brain Check Application.app */ = {isa = PBXFileReference; explicitFileType = wrapper.application; includeInIndex = 0; path = "Brain Check Application.app"; sourceTree = BUILT_PRODUCTS_DIR; };
		D931E7E42EEB51DB00BB1622 /* Brain Check ApplicationTests.xctest */ = {isa = PBXFileReference; explicitFileType = wrapper.cfbundle; includeInIndex = 0; path = "Brain Check ApplicationTests.xctest"; sourceTree = BUILT_PRODUCTS_DIR; };
		D931E7EE2EEB51DB00BB1622 /* Brain Check ApplicationUITests.xctest */ = {isa = PBXFileReference; explicitFileType = wrapper.cfbundle; includeInIndex = 0; path = "Brain Check ApplicationUITests.xctest"; sourceTree = BUILT_PRODUCTS_DIR; };
/* End PBXFileReference section */

/* Begin PBXFileSystemSynchronizedBuildFileExceptionSet section */
		D931E7F62EEB51DB00BB1622 /* Exceptions for "Brain Check Application" folder in "Brain Check Application" target */ = {
			isa = PBXFileSystemSynchronizedBuildFileExceptionSet;
			membershipExceptions = (
				Info.plist,
			);
			target = D931E7CD2EEB51D900BB1622 /* Brain Check Application */;
		};
/* End PBXFileSystemSynchronizedBuildFileExceptionSet section */

/* Begin PBXFileSystemSynchronizedRootGroup section */
		D931E7D02EEB51D900BB1622 /* Brain Check Application */ = {
			isa = PBXFileSystemSynchronizedRootGroup;
			exceptions = (
				D931E7F62EEB51DB00BB1622 /* Exceptions for "Brain Check Application" folder in "Brain Check Application" target */,
			);
			path = "Brain Check Application";
			sourceTree = "<group>";
		};
		D931E7E72EEB51DB00BB1622 /* Brain Check ApplicationTests */ = {
			isa = PBXFileSystemSynchronizedRootGroup;
			path = "Brain Check ApplicationTests";
			sourceTree = "<group>";
		};
		D931E7F12EEB51DB00BB1622 /* Brain Check ApplicationUITests */ = {
			isa = PBXFileSystemSynchronizedRootGroup;
			path = "Brain Check ApplicationUITests";
			sourceTree = "<group>";
		};
/* End PBXFileSystemSynchronizedRootGroup section */

/* Begin PBXFrameworksBuildPhase section */
		D931E7CB2EEB51D900BB1622 /* Frameworks */ = {
			isa = PBXFrameworksBuildPhase;
			files = (
			);
		};
		D931E7E12EEB51DB00BB1622 /* Frameworks */ = {
			isa = PBXFrameworksBuildPhase;
			files = (
			);
		};
		D931E7EB2EEB51DB00BB1622 /* Frameworks */ = {
			isa = PBXFrameworksBuildPhase;
			files = (
			);
		};
/* End PBXFrameworksBuildPhase section */

/* Begin PBXGroup section */
		D931E7C52EEB51D900BB1622 = {
			isa = PBXGroup;
			children = (
				D931E7D02EEB51D900BB1622 /* Brain Check Application */,
				D931E7E72EEB51DB00BB1622 /* Brain Check ApplicationTests */,
				D931E7F12EEB51DB00BB1622 /* Brain Check ApplicationUITests */,
				D931E7CF2EEB51D900BB1622 /* Products */,
			);
			sourceTree = "<group>";
		};
		D931E7CF2EEB51D900BB1622 /* Products */ = {
			isa = PBXGroup;
			children = (
				D931E7CE2EEB51D900BB1622 /* Brain Check Application.app */,
				D931E7E42EEB51DB00BB1622 /* Brain Check ApplicationTests.xctest */,
				D931E7EE2EEB51DB00BB1622 /* Brain Check ApplicationUITests.xctest */,
			);
			name = Products;
			sourceTree = "<group>";
		};
/* End PBXGroup section */

/* Begin PBXNativeTarget section */
		D931E7CD2EEB51D900BB1622 /* Brain Check Application */ = {
			isa = PBXNativeTarget;
			buildConfigurationList = D931E7F72EEB51DB00BB1622 /* Build configuration list for PBXNativeTarget "Brain Check Application" */;
			buildPhases = (
				D931E7CA2EEB51D900BB1622 /* Sources */,
				D931E7CB2EEB51D900BB1622 /* Frameworks */,
				D931E7CC2EEB51D900BB1622 /* Resources */,
			);
			buildRules = (
			);
			fileSystemSynchronizedGroups = (
				D931E7D02EEB51D900BB1622 /* Brain Check Application */,
			);
			name = "Brain Check Application";
			productName = "Brain Check Application";
			productReference = D931E7CE2EEB51D900BB1622 /* Brain Check Application.app */;
			productType = "com.apple.product-type.application";
		};
		D931E7E32EEB51DB00BB1622 /* Brain Check ApplicationTests */ = {
			isa = PBXNativeTarget;
			buildConfigurationList = D931E7FC2EEB51DB00BB1622 /* Build configuration list for PBXNativeTarget "Brain Check ApplicationTests" */;
			buildPhases = (
				D931E7E02EEB51DB00BB1622 /* Sources */,
				D931E7E12EEB51DB00BB1622 /* Frameworks */,
				D931E7E22EEB51DB00BB1622 /* Resources */,
			);
			buildRules = (
			);
			dependencies = (
				D931E7E62EEB51DB00BB1622 /* PBXTargetDependency */,
			);
			fileSystemSynchronizedGroups = (
				D931E7E72EEB51DB00BB1622 /* Brain Check ApplicationTests */,
			);
			name = "Brain Check ApplicationTests";
			productName = "Brain Check ApplicationTests";
			productReference = D931E7E42EEB51DB00BB1622 /* Brain Check ApplicationTests.xctest */;
			productType = "com.apple.product-type.bundle.unit-test";
		};
		D931E7ED2EEB51DB00BB1622 /* Brain Check ApplicationUITests */ = {
			isa = PBXNativeTarget;
			buildConfigurationList = D931E7FF2EEB51DB00BB1622 /* Build configuration list for PBXNativeTarget "Brain Check ApplicationUITests" */;
			buildPhases = (
				D931E7EA2EEB51DB00BB1622 /* Sources */,
				D931E7EB2EEB51DB00BB1622 /* Frameworks */,
				D931E7EC2EEB51DB00BB1622 /* Resources */,
			);
			buildRules = (
			);
			dependencies = (
				D931E7F02EEB51DB00BB1622 /* PBXTargetDependency */,
			);
			fileSystemSynchronizedGroups = (
				D931E7F12EEB51DB00BB1622 /* Brain Check ApplicationUITests */,
			);
			name = "Brain Check ApplicationUITests";
			productName = "Brain Check ApplicationUITests";
			productReference = D931E7EE2EEB51DB00BB1622 /* Brain Check ApplicationUITests.xctest */;
			productType = "com.apple.product-type.bundle.ui-testing";
		};
/* End PBXNativeTarget section */

/* Begin PBXProject section */
		D931E7C62EEB51D900BB1622 /* Project object */ = {
			isa = PBXProject;
			attributes = {
				BuildIndependentTargetsInParallel = 1;
				LastSwiftUpdateCheck = 2610;
				LastUpgradeCheck = 2610;
				TargetAttributes = {
					D931E7CD2EEB51D900BB1622 = {
						CreatedOnToolsVersion = 26.1.1;
					};
					D931E7E32EEB51DB00BB1622 = {
						CreatedOnToolsVersion = 26.1.1;
						TestTargetID = D931E7CD2EEB51D900BB1622;
					};
					D931E7ED2EEB51DB00BB1622 = {
						CreatedOnToolsVersion = 26.1.1;
						TestTargetID = D931E7CD2EEB51D900BB1622;
					};
				};
			};
			buildConfigurationList = D931E7C92EEB51D900BB1622 /* Build configuration list for PBXProject "Brain Check Application" */;
			developmentRegion = en;
			hasScannedForEncodings = 0;
			knownRegions = (
				en,
				Base,
			);
			mainGroup = D931E7C52EEB51D900BB1622;
			minimizedProjectReferenceProxies = 1;
			preferredProjectObjectVersion = 90;
			productRefGroup = D931E7CF2EEB51D900BB1622 /* Products */;
			projectDirPath = "";
			projectRoot = "";
			targets = (
				D931E7CD2EEB51D900BB1622 /* Brain Check Application */,
				D931E7E32EEB51DB00BB1622 /* Brain Check ApplicationTests */,
				D931E7ED2EEB51DB00BB1622 /* Brain Check ApplicationUITests */,
			);
		};
/* End PBXProject section */

/* Begin PBXResourcesBuildPhase section */
		D931E7CC2EEB51D900BB1622 /* Resources */ = {
			isa = PBXResourcesBuildPhase;
			files = (
			);
		};
		D931E7E22EEB51DB00BB1622 /* Resources */ = {
			isa = PBXResourcesBuildPhase;
			files = (
			);
		};
		D931E7EC2EEB51DB00BB1622 /* Resources */ = {
			isa = PBXResourcesBuildPhase;
			files = (
			);
		};
/* End PBXResourcesBuildPhase section */

/* Begin PBXSourcesBuildPhase section */
		D931E7CA2EEB51D900BB1622 /* Sources */ = {
			isa = PBXSourcesBuildPhase;
			files = (
			);
		};
		D931E7E02EEB51DB00BB1622 /* Sources */ = {
			isa = PBXSourcesBuildPhase;
			files = (
			);
		};
		D931E7EA2EEB51DB00BB1622 /* Sources */ = {
			isa = PBXSourcesBuildPhase;
			files = (
			);
		};
/* End PBXSourcesBuildPhase section */

/* Begin PBXTargetDependency section */
		D931E7E62EEB51DB00BB1622 /* PBXTargetDependency */ = {
			isa = PBXTargetDependency;
			target = D931E7CD2EEB51D900BB1622 /* Brain Check Application */;
			targetProxy = D931E7E52EEB51DB00BB1622 /* PBXContainerItemProxy */;
		};
		D931E7F02EEB51DB00BB1622 /* PBXTargetDependency */ = {
			isa = PBXTargetDependency;
			target = D931E7CD2EEB51D900BB1622 /* Brain Check Application */;
			targetProxy = D931E7EF2EEB51DB00BB1622 /* PBXContainerItemProxy */;
		};
/* End PBXTargetDependency section */

/* Begin XCBuildConfiguration section */
		D931E7F82EEB51DB00BB1622 /* Debug configuration for PBXNativeTarget "Brain Check Application" */ = {
			isa = XCBuildConfiguration;
			buildSettings = {
				ASSETCATALOG_COMPILER_APPICON_NAME = AppIcon;
				ASSETCATALOG_COMPILER_GLOBAL_ACCENT_COLOR_NAME = AccentColor;
				CODE_SIGN_STYLE = Automatic;
				CURRENT_PROJECT_VERSION = 1;
				GENERATE_INFOPLIST_FILE = YES;
				INFOPLIST_FILE = "Brain Check Application/Info.plist";
				INFOPLIST_KEY_UIApplicationSupportsIndirectInputEvents = YES;
				INFOPLIST_KEY_UILaunchStoryboardName = LaunchScreen;
				INFOPLIST_KEY_UIMainStoryboardFile = Main;
				INFOPLIST_KEY_UISupportedInterfaceOrientations_iPad = "UIInterfaceOrientationPortrait UIInterfaceOrientationPortraitUpsideDown UIInterfaceOrientationLandscapeLeft UIInterfaceOrientationLandscapeRight";
				INFOPLIST_KEY_UISupportedInterfaceOrientations_iPhone = "UIInterfaceOrientationPortrait UIInterfaceOrientationLandscapeLeft UIInterfaceOrientationLandscapeRight";
				LD_RUNPATH_SEARCH_PATHS = (
					"$(inherited)",
					"@executable_path/Frameworks",
				);
				MARKETING_VERSION = 1.0;
				PRODUCT_BUNDLE_IDENTIFIER = "yeetcoders101.Brain-Check-Application";
				PRODUCT_NAME = "$(TARGET_NAME)";
				STRING_CATALOG_GENERATE_SYMBOLS = YES;
				SWIFT_APPROACHABLE_CONCURRENCY = YES;
				SWIFT_DEFAULT_ACTOR_ISOLATION = MainActor;
				SWIFT_EMIT_LOC_STRINGS = YES;
				SWIFT_UPCOMING_FEATURE_MEMBER_IMPORT_VISIBILITY = YES;
				SWIFT_VERSION = 5.0;
				TARGETED_DEVICE_FAMILY = "1,2";
			};
			name = Debug;
		};
		D931E7F92EEB51DB00BB1622 /* Release configuration for PBXNativeTarget "Brain Check Application" */ = {
			isa = XCBuildConfiguration;
			buildSettings = {
				ASSETCATALOG_COMPILER_APPICON_NAME = AppIcon;
				ASSETCATALOG_COMPILER_GLOBAL_ACCENT_COLOR_NAME = AccentColor;
				CODE_SIGN_STYLE = Automatic;
				CURRENT_PROJECT_VERSION = 1;
				GENERATE_INFOPLIST_FILE = YES;
				INFOPLIST_FILE = "Brain Check Application/Info.plist";
				INFOPLIST_KEY_UIApplicationSupportsIndirectInputEvents = YES;
				INFOPLIST_KEY_UILaunchStoryboardName = LaunchScreen;
				INFOPLIST_KEY_UIMainStoryboardFile = Main;
				INFOPLIST_KEY_UISupportedInterfaceOrientations_iPad = "UIInterfaceOrientationPortrait UIInterfaceOrientationPortraitUpsideDown UIInterfaceOrientationLandscapeLeft UIInterfaceOrientationLandscapeRight";
				INFOPLIST_KEY_UISupportedInterfaceOrientations_iPhone = "UIInterfaceOrientationPortrait UIInterfaceOrientationLandscapeLeft UIInterfaceOrientationLandscapeRight";
				LD_RUNPATH_SEARCH_PATHS = (
					"$(inherited)",
					"@executable_path/Frameworks",
				);
				MARKETING_VERSION = 1.0;
				PRODUCT_BUNDLE_IDENTIFIER = "yeetcoders101.Brain-Check-Application";
				PRODUCT_NAME = "$(TARGET_NAME)";
				STRING_CATALOG_GENERATE_SYMBOLS = YES;
				SWIFT_APPROACHABLE_CONCURRENCY = YES;
				SWIFT_DEFAULT_ACTOR_ISOLATION = MainActor;
				SWIFT_EMIT_LOC_STRINGS = YES;
				SWIFT_UPCOMING_FEATURE_MEMBER_IMPORT_VISIBILITY = YES;
				SWIFT_VERSION = 5.0;
				TARGETED_DEVICE_FAMILY = "1,2";
			};
			name = Release;
		};
		D931E7FA2EEB51DB00BB1622 /* Debug configuration for PBXProject "Brain Check Application" */ = {
			isa = XCBuildConfiguration;
			buildSettings = {
				ALWAYS_SEARCH_USER_PATHS = NO;
				ASSETCATALOG_COMPILER_GENERATE_SWIFT_ASSET_SYMBOL_EXTENSIONS = YES;
				CLANG_ANALYZER_NONNULL = YES;
				CLANG_ANALYZER_NUMBER_OBJECT_CONVERSION = YES_AGGRESSIVE;
				CLANG_CXX_LANGUAGE_STANDARD = "gnu++20";
				CLANG_ENABLE_MODULES = YES;
				CLANG_ENABLE_OBJC_ARC = YES;
				CLANG_ENABLE_OBJC_WEAK = YES;
				CLANG_WARN_BLOCK_CAPTURE_AUTORELEASING = YES;
				CLANG_WARN_BOOL_CONVERSION = YES;
				CLANG_WARN_COMMA = YES;
				CLANG_WARN_CONSTANT_CONVERSION = YES;
				CLANG_WARN_DEPRECATED_OBJC_IMPLEMENTATIONS = YES;
				CLANG_WARN_DIRECT_OBJC_ISA_USAGE = YES_ERROR;
				CLANG_WARN_DOCUMENTATION_COMMENTS = YES;
				CLANG_WARN_EMPTY_BODY = YES;
				CLANG_WARN_ENUM_CONVERSION = YES;
				CLANG_WARN_INFINITE_RECURSION = YES;
				CLANG_WARN_INT_CONVERSION = YES;
				CLANG_WARN_NON_LITERAL_NULL_CONVERSION = YES;
				CLANG_WARN_OBJC_IMPLICIT_RETAIN_SELF = YES;
				CLANG_WARN_OBJC_LITERAL_CONVERSION = YES;
				CLANG_WARN_OBJC_ROOT_CLASS = YES_ERROR;
				CLANG_WARN_QUOTED_INCLUDE_IN_FRAMEWORK_HEADER = YES;
				CLANG_WARN_RANGE_LOOP_ANALYSIS = YES;
				CLANG_WARN_STRICT_PROTOTYPES = YES;
				CLANG_WARN_SUSPICIOUS_MOVE = YES;
				CLANG_WARN_UNGUARDED_AVAILABILITY = YES_AGGRESSIVE;
				CLANG_WARN_UNREACHABLE_CODE = YES;
				CLANG_WARN__DUPLICATE_METHOD_MATCH = YES;
				COPY_PHASE_STRIP = NO;
				DEBUG_INFORMATION_FORMAT = dwarf;
				ENABLE_STRICT_OBJC_MSGSEND = YES;
				ENABLE_TESTABILITY = YES;
				ENABLE_USER_SCRIPT_SANDBOXING = YES;
				GCC_C_LANGUAGE_STANDARD = gnu17;
				GCC_DYNAMIC_NO_PIC = NO;
				GCC_NO_COMMON_BLOCKS = YES;
				GCC_OPTIMIZATION_LEVEL = 0;
				GCC_PREPROCESSOR_DEFINITIONS = (
					"DEBUG=1",
					"$(inherited)",
				);
				GCC_WARN_64_TO_32_BIT_CONVERSION = YES;
				GCC_WARN_ABOUT_RETURN_TYPE = YES_ERROR;
				GCC_WARN_UNDECLARED_SELECTOR = YES;
				GCC_WARN_UNINITIALIZED_AUTOS = YES_AGGRESSIVE;
				GCC_WARN_UNUSED_FUNCTION = YES;
				GCC_WARN_UNUSED_VARIABLE = YES;
				IPHONEOS_DEPLOYMENT_TARGET = 26.1;
				LOCALIZATION_PREFERS_STRING_CATALOGS = YES;
				MTL_ENABLE_DEBUG_INFO = INCLUDE_SOURCE;
				MTL_FAST_MATH = YES;
				ONLY_ACTIVE_ARCH = YES;
				SDKROOT = iphoneos;
				SWIFT_ACTIVE_COMPILATION_CONDITIONS = "DEBUG $(inherited)";
				SWIFT_OPTIMIZATION_LEVEL = "-Onone";
			};
			name = Debug;
		};
		D931E7FB2EEB51DB00BB1622 /* Release configuration for PBXProject "Brain Check Application" */ = {
			isa = XCBuildConfiguration;
			buildSettings = {
				ALWAYS_SEARCH_USER_PATHS = NO;
				ASSETCATALOG_COMPILER_GENERATE_SWIFT_ASSET_SYMBOL_EXTENSIONS = YES;
				CLANG_ANALYZER_NONNULL = YES;
				CLANG_ANALYZER_NUMBER_OBJECT_CONVERSION = YES_AGGRESSIVE;
				CLANG_CXX_LANGUAGE_STANDARD = "gnu++20";
				CLANG_ENABLE_MODULES = YES;
				CLANG_ENABLE_OBJC_ARC = YES;
				CLANG_ENABLE_OBJC_WEAK = YES;
				CLANG_WARN_BLOCK_CAPTURE_AUTORELEASING = YES;
				CLANG_WARN_BOOL_CONVERSION = YES;
				CLANG_WARN_COMMA = YES;
				CLANG_WARN_CONSTANT_CONVERSION = YES;
				CLANG_WARN_DEPRECATED_OBJC_IMPLEMENTATIONS = YES;
				CLANG_WARN_DIRECT_OBJC_ISA_USAGE = YES_ERROR;
				CLANG_WARN_DOCUMENTATION_COMMENTS = YES;
				CLANG_WARN_EMPTY_BODY = YES;
				CLANG_WARN_ENUM_CONVERSION = YES;
				CLANG_WARN_INFINITE_RECURSION = YES;
				CLANG_WARN_INT_CONVERSION = YES;
				CLANG_WARN_NON_LITERAL_NULL_CONVERSION = YES;
				CLANG_WARN_OBJC_IMPLICIT_RETAIN_SELF = YES;
				CLANG_WARN_OBJC_LITERAL_CONVERSION = YES;
				CLANG_WARN_OBJC_ROOT_CLASS = YES_ERROR;
				CLANG_WARN_QUOTED_INCLUDE_IN_FRAMEWORK_HEADER = YES;
				CLANG_WARN_RANGE_LOOP_ANALYSIS = YES;
				CLANG_WARN_STRICT_PROTOTYPES = YES;
				CLANG_WARN_SUSPICIOUS_MOVE = YES;
				CLANG_WARN_UNGUARDED_AVAILABILITY = YES_AGGRESSIVE;
				CLANG_WARN_UNREACHABLE_CODE = YES;
				CLANG_WARN__DUPLICATE_METHOD_MATCH = YES;
				COPY_PHASE_STRIP = NO;
				DEBUG_INFORMATION_FORMAT = "dwarf-with-dsym";
				ENABLE_NS_ASSERTIONS = NO;
				ENABLE_STRICT_OBJC_MSGSEND = YES;
				ENABLE_USER_SCRIPT_SANDBOXING = YES;
				GCC_C_LANGUAGE_STANDARD = gnu17;
				GCC_NO_COMMON_BLOCKS = YES;
				GCC_WARN_64_TO_32_BIT_CONVERSION = YES;
				GCC_WARN_ABOUT_RETURN_TYPE = YES_ERROR;
				GCC_WARN_UNDECLARED_SELECTOR = YES;
				GCC_WARN_UNINITIALIZED_AUTOS = YES_AGGRESSIVE;
				GCC_WARN_UNUSED_FUNCTION = YES;
				GCC_WARN_UNUSED_VARIABLE = YES;
				IPHONEOS_DEPLOYMENT_TARGET = 26.1;
				LOCALIZATION_PREFERS_STRING_CATALOGS = YES;
				MTL_ENABLE_DEBUG_INFO = NO;
				MTL_FAST_MATH = YES;
				SDKROOT = iphoneos;
				SWIFT_COMPILATION_MODE = wholemodule;
				VALIDATE_PRODUCT = YES;
			};
			name = Release;
		};
		D931E7FD2EEB51DB00BB1622 /* Debug configuration for PBXNativeTarget "Brain Check ApplicationTests" */ = {
			isa = XCBuildConfiguration;
			buildSettings = {
				BUNDLE_LOADER = "$(TEST_HOST)";
				CODE_SIGN_STYLE = Automatic;
				CURRENT_PROJECT_VERSION = 1;
				GENERATE_INFOPLIST_FILE = YES;
				IPHONEOS_DEPLOYMENT_TARGET = 26.1;
				MARKETING_VERSION = 1.0;
				PRODUCT_BUNDLE_IDENTIFIER = "yeetcoders101.Brain-Check-ApplicationTests";
				PRODUCT_NAME = "$(TARGET_NAME)";
				STRING_CATALOG_GENERATE_SYMBOLS = NO;
				SWIFT_APPROACHABLE_CONCURRENCY = YES;
				SWIFT_EMIT_LOC_STRINGS = NO;
				SWIFT_UPCOMING_FEATURE_MEMBER_IMPORT_VISIBILITY = YES;
				SWIFT_VERSION = 5.0;
				TARGETED_DEVICE_FAMILY = "1,2";
				TEST_HOST = "$(BUILT_PRODUCTS_DIR)/Brain Check Application.app/$(BUNDLE_EXECUTABLE_FOLDER_PATH)/Brain Check Application";
			};
			name = Debug;
		};
		D931E7FE2EEB51DB00BB1622 /* Release configuration for PBXNativeTarget "Brain Check ApplicationTests" */ = {
			isa = XCBuildConfiguration;
			buildSettings = {
				BUNDLE_LOADER = "$(TEST_HOST)";
				CODE_SIGN_STYLE = Automatic;
				CURRENT_PROJECT_VERSION = 1;
				GENERATE_INFOPLIST_FILE = YES;
				IPHONEOS_DEPLOYMENT_TARGET = 26.1;
				MARKETING_VERSION = 1.0;
				PRODUCT_BUNDLE_IDENTIFIER = "yeetcoders101.Brain-Check-ApplicationTests";
				PRODUCT_NAME = "$(TARGET_NAME)";
				STRING_CATALOG_GENERATE_SYMBOLS = NO;
				SWIFT_APPROACHABLE_CONCURRENCY = YES;
				SWIFT_EMIT_LOC_STRINGS = NO;
				SWIFT_UPCOMING_FEATURE_MEMBER_IMPORT_VISIBILITY = YES;
				SWIFT_VERSION = 5.0;
				TARGETED_DEVICE_FAMILY = "1,2";
				TEST_HOST = "$(BUILT_PRODUCTS_DIR)/Brain Check Application.app/$(BUNDLE_EXECUTABLE_FOLDER_PATH)/Brain Check Application";
			};
			name = Release;
		};
		D931E8002EEB51DB00BB1622 /* Debug configuration for PBXNativeTarget "Brain Check ApplicationUITests" */ = {
			isa = XCBuildConfiguration;
			buildSettings = {
				CODE_SIGN_STYLE = Automatic;
				CURRENT_PROJECT_VERSION = 1;
				GENERATE_INFOPLIST_FILE = YES;
				MARKETING_VERSION = 1.0;
				PRODUCT_BUNDLE_IDENTIFIER = "yeetcoders101.Brain-Check-ApplicationUITests";
				PRODUCT_NAME = "$(TARGET_NAME)";
				STRING_CATALOG_GENERATE_SYMBOLS = NO;
				SWIFT_APPROACHABLE_CONCURRENCY = YES;
				SWIFT_EMIT_LOC_STRINGS = NO;
				SWIFT_UPCOMING_FEATURE_MEMBER_IMPORT_VISIBILITY = YES;
				SWIFT_VERSION = 5.0;
				TARGETED_DEVICE_FAMILY = "1,2";
				TEST_TARGET_NAME = "Brain Check Application";
			};
			name = Debug;
		};
		D931E8012EEB51DB00BB1622 /* Release configuration for PBXNativeTarget "Brain Check ApplicationUITests" */ = {
			isa = XCBuildConfiguration;
			buildSettings = {
				CODE_SIGN_STYLE = Automatic;
				CURRENT_PROJECT_VERSION = 1;
				GENERATE_INFOPLIST_FILE = YES;
				MARKETING_VERSION = 1.0;
				PRODUCT_BUNDLE_IDENTIFIER = "yeetcoders101.Brain-Check-ApplicationUITests";
				PRODUCT_NAME = "$(TARGET_NAME)";
				STRING_CATALOG_GENERATE_SYMBOLS = NO;
				SWIFT_APPROACHABLE_CONCURRENCY = YES;
				SWIFT_EMIT_LOC_STRINGS = NO;
				SWIFT_UPCOMING_FEATURE_MEMBER_IMPORT_VISIBILITY = YES;
				SWIFT_VERSION = 5.0;
				TARGETED_DEVICE_FAMILY = "1,2";
				TEST_TARGET_NAME = "Brain Check Application";
			};
			name = Release;
		};
/* End XCBuildConfiguration section */

/* Begin XCConfigurationList section */
		D931E7C92EEB51D900BB1622 /* Build configuration list for PBXProject "Brain Check Application" */ = {
			isa = XCConfigurationList;
			buildConfigurations = (
				D931E7FA2EEB51DB00BB1622 /* Debug configuration for PBXProject "Brain Check Application" */,
				D931E7FB2EEB51DB00BB1622 /* Release configuration for PBXProject "Brain Check Application" */,
			);
			defaultConfigurationName = Debug;
		};
		D931E7F72EEB51DB00BB1622 /* Build configuration list for PBXNativeTarget "Brain Check Application" */ = {
			isa = XCConfigurationList;
			buildConfigurations = (
				D931E7F82EEB51DB00BB1622 /* Debug configuration for PBXNativeTarget "Brain Check Application" */,
				D931E7F92EEB51DB00BB1622 /* Release configuration for PBXNativeTarget "Brain Check Application" */,
			);
			defaultConfigurationName = Debug;
		};
		D931E7FC2EEB51DB00BB1622 /* Build configuration list for PBXNativeTarget "Brain Check ApplicationTests" */ = {
			isa = XCConfigurationList;
			buildConfigurations = (
				D931E7FD2EEB51DB00BB1622 /* Debug configuration for PBXNativeTarget "Brain Check ApplicationTests" */,
				D931E7FE2EEB51DB00BB1622 /* Release configuration for PBXNativeTarget "Brain Check ApplicationTests" */,
			);
			defaultConfigurationName = Debug;
		};
		D931E7FF2EEB51DB00BB1622 /* Build configuration list for PBXNativeTarget "Brain Check ApplicationUITests" */ = {
			isa = XCConfigurationList;
			buildConfigurations = (
				D931E8002EEB51DB00BB1622 /* Debug configuration for PBXNativeTarget "Brain Check ApplicationUITests" */,
				D931E8012EEB51DB00BB1622 /* Release configuration for PBXNativeTarget "Brain Check ApplicationUITests" */,
			);
			defaultConfigurationName = Debug;
		};
/* End XCConfigurationList section */
	};
	rootObject = D931E7C62EEB51D900BB1622 /* Project object */;
}
